
Microsoft Visual Studio Solution File, Format Version 12.00
# Visual Studio Version 16
VisualStudioVersion = 16.0.31624.102
MinimumVisualStudioVersion = 10.0.40219.1
Project("{FAE04EC0-301F-11D3-BF4B-00C04F79EFBC}") = "OrderingSystem", "OrderingSystem.csproj", "{F6B643F9-30CD-4AC1-8D9F-C01C270DA764}"
EndProject
Project("{FAE04EC0-301F-11D3-BF4B-00C04F79EFBC}") = "OrderingSystemTests", "..\OrderingSystemTests\OrderingSystemTests.csproj", "{BACD7F06-D5B7-481B-A09F-97A0D17E8E0F}"
EndProject
Global
	GlobalSection(SolutionConfigurationPlatforms) = preSolution
		Debug|Any CPU = Debug|Any CPU
		Release|Any CPU = Release|Any CPU
	EndGlobalSection
	GlobalSection(ProjectConfigurationPlatforms) = postSolution
		{F6B643F9-30CD-4AC1-8D9F-C01C270DA764}.Debug|Any CPU.ActiveCfg = Debug|Any CPU
		{F6B643F9-30CD-4AC1-8D9F-C01C270DA764}.Debug|Any CPU.Build.0 = Debug|Any CPU
		{F6B643F9-30CD-4AC1-8D9F-C01C270DA764}.Release|Any CPU.ActiveCfg = Release|Any CPU
		{F6B643F9-30CD-4AC1-8D9F-C01C270DA764}.Release|Any CPU.Build.0 = Release|Any CPU
		{BACD7F06-D5B7-481B-A09F-97A0D17E8E0F}.Debug|Any CPU.ActiveCfg = Debug|Any CPU
		{BACD7F06-D5B7-481B-A09F-97A0D17E8E0F}.Debug|Any CPU.Build.0 = Debug|Any CPU
		{BACD7F06-D5B7-481B-A09F-97A0D17E8E0F}.Release|Any CPU.ActiveCfg = Release|Any CPU
		{BACD7F06-D5B7-481B-A09F-97A0D17E8E0F}.Release|Any CPU.Build.0 = Release|Any CPU
	EndGlobalSection
	GlobalSection(SolutionProperties) = preSolution
		HideSolutionNode = FALSE
	EndGlobalSection
	GlobalSection(ExtensibilityGlobals) = postSolution
		SolutionGuid = {F00909E8-312B-42E3-9F40-73D40B3A6AA1}
	EndGlobalSection
EndGlobal
